
Microsoft Visual Studio Solution File, Format Version 12.00
# Visual Studio 15
VisualStudioVersion = 15.0.26730.10
MinimumVisualStudioVersion = 10.0.40219.1
Project("{2150E333-8FDC-42A3-9474-1A3956D46DE8}") = "0. Solution Items", "0. Solution Items", "{269F68F0-DBD4-4C6D-B080-706107CC4C01}"
	ProjectSection(SolutionItems) = preProject
		.gitignore = .gitignore
		LICENSE = LICENSE
		README.md = README.md
		settings.yaml = settings.yaml
	EndProjectSection
EndProject
Project("{9A19103F-16F7-4668-BE54-9A1E7A4F7556}") = "Lykke.Service.Sessions.Tests", "tests\Lykke.Service.Sessions.Tests\Lykke.Service.Sessions.Tests.csproj", "{044DD929-616D-4A44-A10F-1361AF675171}"
EndProject
Project("{9A19103F-16F7-4668-BE54-9A1E7A4F7556}") = "Lykke.Service.Sessions", "src\Lykke.Service.Sessions\Lykke.Service.Sessions.csproj", "{5E6E17AF-7F12-476A-9EE5-856E4E0DA407}"
EndProject
Project("{9A19103F-16F7-4668-BE54-9A1E7A4F7556}") = "Lykke.Service.Sessions.Client", "client\Lykke.Service.Sessions.Client\Lykke.Service.Sessions.Client.csproj", "{E7353F35-F114-402D-8979-6F0858F71493}"
EndProject
Project("{9A19103F-16F7-4668-BE54-9A1E7A4F7556}") = "Lykke.Service.Sessions.Contracts", "contract\Lykke.Service.Sessions.Contracts\Lykke.Service.Sessions.Contracts.csproj", "{3E0A3C94-02BF-4456-AF05-AD7C37A07412}"
EndProject
Project("{2150E333-8FDC-42A3-9474-1A3956D46DE8}") = "1. Instrastructure", "1. Instrastructure", "{6BF2F435-FE5F-41BE-B2D6-7E7D756880D8}"
EndProject
Project("{9A19103F-16F7-4668-BE54-9A1E7A4F7556}") = "Lykke.Service.Sessions.Core", "src\Lykke.Service.Sessions.Core\Lykke.Service.Sessions.Core.csproj", "{9BA0FBD1-A0AD-4930-9BA7-C7965D5A7C13}"
EndProject
Project("{9A19103F-16F7-4668-BE54-9A1E7A4F7556}") = "Lykke.Service.Sessions.Services", "src\Lykke.Service.Sessions.Services\Lykke.Service.Sessions.Services.csproj", "{FCD2FDE0-DC18-41CA-91CB-5AFF50095BA8}"
EndProject
Project("{2150E333-8FDC-42A3-9474-1A3956D46DE8}") = "2. Repositories", "2. Repositories", "{17BC9FE1-E066-4950-8AF4-07856B99AD8B}"
EndProject
Project("{2150E333-8FDC-42A3-9474-1A3956D46DE8}") = "3. Client", "3. Client", "{5C2A7F06-33E2-48E1-B2A1-E6F4805F8253}"
EndProject
Project("{2150E333-8FDC-42A3-9474-1A3956D46DE8}") = "4. Tests", "4. Tests", "{B02F2D5A-96FE-466B-80BB-4A20A4973650}"
EndProject
Project("{2150E333-8FDC-42A3-9474-1A3956D46DE8}") = "5. Contract", "5. Contract", "{6D0A6644-0C96-4D41-9989-D9B30C92BE03}"
EndProject
Global
	GlobalSection(SolutionConfigurationPlatforms) = preSolution
		Debug|Any CPU = Debug|Any CPU
		Release|Any CPU = Release|Any CPU
	EndGlobalSection
	GlobalSection(ProjectConfigurationPlatforms) = postSolution
		{044DD929-616D-4A44-A10F-1361AF675171}.Debug|Any CPU.ActiveCfg = Debug|Any CPU
		{044DD929-616D-4A44-A10F-1361AF675171}.Debug|Any CPU.Build.0 = Debug|Any CPU
		{044DD929-616D-4A44-A10F-1361AF675171}.Release|Any CPU.ActiveCfg = Release|Any CPU
		{044DD929-616D-4A44-A10F-1361AF675171}.Release|Any CPU.Build.0 = Release|Any CPU
		{5E6E17AF-7F12-476A-9EE5-856E4E0DA407}.Debug|Any CPU.ActiveCfg = Debug|Any CPU
		{5E6E17AF-7F12-476A-9EE5-856E4E0DA407}.Debug|Any CPU.Build.0 = Debug|Any CPU
		{5E6E17AF-7F12-476A-9EE5-856E4E0DA407}.Release|Any CPU.ActiveCfg = Release|Any CPU
		{5E6E17AF-7F12-476A-9EE5-856E4E0DA407}.Release|Any CPU.Build.0 = Release|Any CPU
		{E7353F35-F114-402D-8979-6F0858F71493}.Debug|Any CPU.ActiveCfg = Debug|Any CPU
		{E7353F35-F114-402D-8979-6F0858F71493}.Debug|Any CPU.Build.0 = Debug|Any CPU
		{E7353F35-F114-402D-8979-6F0858F71493}.Release|Any CPU.ActiveCfg = Release|Any CPU
		{E7353F35-F114-402D-8979-6F0858F71493}.Release|Any CPU.Build.0 = Release|Any CPU
		{3E0A3C94-02BF-4456-AF05-AD7C37A07412}.Debug|Any CPU.ActiveCfg = Debug|Any CPU
		{3E0A3C94-02BF-4456-AF05-AD7C37A07412}.Debug|Any CPU.Build.0 = Debug|Any CPU
		{3E0A3C94-02BF-4456-AF05-AD7C37A07412}.Release|Any CPU.ActiveCfg = Release|Any CPU
		{3E0A3C94-02BF-4456-AF05-AD7C37A07412}.Release|Any CPU.Build.0 = Release|Any CPU
		{9BA0FBD1-A0AD-4930-9BA7-C7965D5A7C13}.Debug|Any CPU.ActiveCfg = Debug|Any CPU
		{9BA0FBD1-A0AD-4930-9BA7-C7965D5A7C13}.Debug|Any CPU.Build.0 = Debug|Any CPU
		{9BA0FBD1-A0AD-4930-9BA7-C7965D5A7C13}.Release|Any CPU.ActiveCfg = Release|Any CPU
		{9BA0FBD1-A0AD-4930-9BA7-C7965D5A7C13}.Release|Any CPU.Build.0 = Release|Any CPU
		{FCD2FDE0-DC18-41CA-91CB-5AFF50095BA8}.Debug|Any CPU.ActiveCfg = Debug|Any CPU
		{FCD2FDE0-DC18-41CA-91CB-5AFF50095BA8}.Debug|Any CPU.Build.0 = Debug|Any CPU
		{FCD2FDE0-DC18-41CA-91CB-5AFF50095BA8}.Release|Any CPU.ActiveCfg = Release|Any CPU
		{FCD2FDE0-DC18-41CA-91CB-5AFF50095BA8}.Release|Any CPU.Build.0 = Release|Any CPU
	EndGlobalSection
	GlobalSection(SolutionProperties) = preSolution
		HideSolutionNode = FALSE
	EndGlobalSection
	GlobalSection(NestedProjects) = preSolution
		{044DD929-616D-4A44-A10F-1361AF675171} = {B02F2D5A-96FE-466B-80BB-4A20A4973650}
		{E7353F35-F114-402D-8979-6F0858F71493} = {5C2A7F06-33E2-48E1-B2A1-E6F4805F8253}
		{3E0A3C94-02BF-4456-AF05-AD7C37A07412} = {6D0A6644-0C96-4D41-9989-D9B30C92BE03}
		{9BA0FBD1-A0AD-4930-9BA7-C7965D5A7C13} = {6BF2F435-FE5F-41BE-B2D6-7E7D756880D8}
		{FCD2FDE0-DC18-41CA-91CB-5AFF50095BA8} = {6BF2F435-FE5F-41BE-B2D6-7E7D756880D8}
	EndGlobalSection
	GlobalSection(ExtensibilityGlobals) = postSolution
		SolutionGuid = {FE114EFE-0219-4A7C-8B60-3A4020B4C05F}
	EndGlobalSection
EndGlobal
